
Microsoft Visual Studio Solution File, Format Version 12.00
# Visual Studio Version 17
VisualStudioVersion = 17.4.33110.190
MinimumVisualStudioVersion = 10.0.40219.1
Project("{9A19103F-16F7-4668-BE54-9A1E7A4F7556}") = "Modbus-Client", "Modbus-Client\Modbus-Client.csproj", "{C7F3349F-93F9-4B9F-BAD5-A783FD589312}"
EndProject
Project("{FAE04EC0-301F-11D3-BF4B-00C04F79EFBC}") = "Modbus-Client-Loop", "Modbus-Client-Loop\Modbus-Client-Loop.csproj", "{D1A1C577-E5D4-4B8F-8D7D-00EDD33650A7}"
EndProject
Project("{FAE04EC0-301F-11D3-BF4B-00C04F79EFBC}") = "Modbus-Client-Send", "Modbus-Client-Send\Modbus-Client-Send.csproj", "{1A94BFD2-061C-4B2A-9933-27C01C8A5560}"
EndProject
Global
	GlobalSection(SolutionConfigurationPlatforms) = preSolution
		Debug|Any CPU = Debug|Any CPU
		Release|Any CPU = Release|Any CPU
	EndGlobalSection
	GlobalSection(ProjectConfigurationPlatforms) = postSolution
		{C7F3349F-93F9-4B9F-BAD5-A783FD589312}.Debug|Any CPU.ActiveCfg = Debug|Any CPU
		{C7F3349F-93F9-4B9F-BAD5-A783FD589312}.Debug|Any CPU.Build.0 = Debug|Any CPU
		{C7F3349F-93F9-4B9F-BAD5-A783FD589312}.Release|Any CPU.ActiveCfg = Release|Any CPU
		{C7F3349F-93F9-4B9F-BAD5-A783FD589312}.Release|Any CPU.Build.0 = Release|Any CPU
		{D1A1C577-E5D4-4B8F-8D7D-00EDD33650A7}.Debug|Any CPU.ActiveCfg = Debug|Any CPU
		{D1A1C577-E5D4-4B8F-8D7D-00EDD33650A7}.Debug|Any CPU.Build.0 = Debug|Any CPU
		{D1A1C577-E5D4-4B8F-8D7D-00EDD33650A7}.Release|Any CPU.ActiveCfg = Release|Any CPU
		{D1A1C577-E5D4-4B8F-8D7D-00EDD33650A7}.Release|Any CPU.Build.0 = Release|Any CPU
		{1A94BFD2-061C-4B2A-9933-27C01C8A5560}.Debug|Any CPU.ActiveCfg = Debug|Any CPU
		{1A94BFD2-061C-4B2A-9933-27C01C8A5560}.Debug|Any CPU.Build.0 = Debug|Any CPU
		{1A94BFD2-061C-4B2A-9933-27C01C8A5560}.Release|Any CPU.ActiveCfg = Release|Any CPU
		{1A94BFD2-061C-4B2A-9933-27C01C8A5560}.Release|Any CPU.Build.0 = Release|Any CPU
	EndGlobalSection
	GlobalSection(SolutionProperties) = preSolution
		HideSolutionNode = FALSE
	EndGlobalSection
	GlobalSection(ExtensibilityGlobals) = postSolution
		SolutionGuid = {E1051721-4A57-4845-8A15-33E498FDA797}
	EndGlobalSection
EndGlobal
